
Microsoft Visual Studio Solution File, Format Version 12.00
# Visual Studio Version 17
VisualStudioVersion = 17.7.34202.233
MinimumVisualStudioVersion = 10.0.40219.1
Project("{8BC9CEB8-8B4A-11D0-8D11-00A0C91BC942}") = "Projet_Moteur", "Projet_Moteur.vcxproj", "{02806DB7-DA85-440F-85EE-A1C9C3C402D4}"
EndProject
Project("{8BC9CEB8-8B4A-11D0-8D11-00A0C91BC942}") = "Jeu", "..\Jeu\Jeu.vcxproj", "{42004F3B-345F-4D79-9421-87EA5864E070}"
EndProject
Global
	GlobalSection(SolutionConfigurationPlatforms) = preSolution
		Debug|x64 = Debug|x64
		Debug|x86 = Debug|x86
		Release|x64 = Release|x64
		Release|x86 = Release|x86
	EndGlobalSection
	GlobalSection(ProjectConfigurationPlatforms) = postSolution
		{02806DB7-DA85-440F-85EE-A1C9C3C402D4}.Debug|x64.ActiveCfg = Debug|x64
		{02806DB7-DA85-440F-85EE-A1C9C3C402D4}.Debug|x64.Build.0 = Debug|x64
		{02806DB7-DA85-440F-85EE-A1C9C3C402D4}.Debug|x86.ActiveCfg = Debug|Win32
		{02806DB7-DA85-440F-85EE-A1C9C3C402D4}.Debug|x86.Build.0 = Debug|Win32
		{02806DB7-DA85-440F-85EE-A1C9C3C402D4}.Release|x64.ActiveCfg = Release|x64
		{02806DB7-DA85-440F-85EE-A1C9C3C402D4}.Release|x64.Build.0 = Release|x64
		{02806DB7-DA85-440F-85EE-A1C9C3C402D4}.Release|x86.ActiveCfg = Release|Win32
		{02806DB7-DA85-440F-85EE-A1C9C3C402D4}.Release|x86.Build.0 = Release|Win32
		{42004F3B-345F-4D79-9421-87EA5864E070}.Debug|x64.ActiveCfg = Debug|x64
		{42004F3B-345F-4D79-9421-87EA5864E070}.Debug|x64.Build.0 = Debug|x64
		{42004F3B-345F-4D79-9421-87EA5864E070}.Debug|x86.ActiveCfg = Debug|Win32
		{42004F3B-345F-4D79-9421-87EA5864E070}.Debug|x86.Build.0 = Debug|Win32
		{42004F3B-345F-4D79-9421-87EA5864E070}.Release|x64.ActiveCfg = Release|x64
		{42004F3B-345F-4D79-9421-87EA5864E070}.Release|x64.Build.0 = Release|x64
		{42004F3B-345F-4D79-9421-87EA5864E070}.Release|x86.ActiveCfg = Release|Win32
		{42004F3B-345F-4D79-9421-87EA5864E070}.Release|x86.Build.0 = Release|Win32
	EndGlobalSection
	GlobalSection(SolutionProperties) = preSolution
		HideSolutionNode = FALSE
	EndGlobalSection
	GlobalSection(ExtensibilityGlobals) = postSolution
		SolutionGuid = {04AEFF1F-7123-4162-84EE-8AE2117708C6}
	EndGlobalSection
EndGlobal
